
Microsoft Visual Studio Solution File, Format Version 12.00
# Visual Studio Version 16
VisualStudioVersion = 16.0.31129.286
MinimumVisualStudioVersion = 10.0.40219.1
Project("{FAE04EC0-301F-11D3-BF4B-00C04F79EFBC}") = "cuenta", "cuenta\cuenta.csproj", "{398D462E-DD8A-4B56-8FB8-ABCF06041D77}"
EndProject
Global
	GlobalSection(SolutionConfigurationPlatforms) = preSolution
		Debug|Any CPU = Debug|Any CPU
		Release|Any CPU = Release|Any CPU
	EndGlobalSection
	GlobalSection(ProjectConfigurationPlatforms) = postSolution
		{398D462E-DD8A-4B56-8FB8-ABCF06041D77}.Debug|Any CPU.ActiveCfg = Debug|Any CPU
		{398D462E-DD8A-4B56-8FB8-ABCF06041D77}.Debug|Any CPU.Build.0 = Debug|Any CPU
		{398D462E-DD8A-4B56-8FB8-ABCF06041D77}.Release|Any CPU.ActiveCfg = Release|Any CPU
		{398D462E-DD8A-4B56-8FB8-ABCF06041D77}.Release|Any CPU.Build.0 = Release|Any CPU
	EndGlobalSection
	GlobalSection(SolutionProperties) = preSolution
		HideSolutionNode = FALSE
	EndGlobalSection
	GlobalSection(ExtensibilityGlobals) = postSolution
		SolutionGuid = {F64B65FB-4258-4284-A4A6-7B4FA5D9293D}
	EndGlobalSection
EndGlobal
